<?xml version="1.0" encoding="utf-8"?>
<Project ToolsVersion="4.0" xmlns="http://schemas.microsoft.com/developer/msbuild/2003">
  <ItemGroup>
    <Filter Include="Source Files">
      <UniqueIdentifier>{4FC737F1-C7A5-4376-A066-2A32D752A2FF}</UniqueIdentifier>
      <Extensions>cpp;c;cc;cxx;def;odl;idl;hpj;bat;asm;asmx</Extensions>
    </Filter>
    <Filter Include="Header Files">
      <UniqueIdentifier>{93995380-89BD-4b04-88EB-625FBE52EBFB}</UniqueIdentifier>
      <Extensions>h;hh;hpp;hxx;hm;inl;inc;ipp;xsd</Extensions>
    </Filter>
    <Filter Include="Resource Files">
      <UniqueIdentifier>{67DA6AB6-F800-4c08-8B7A-83BB121AAD01}</UniqueIdentifier>
      <Extensions>rc;ico;cur;bmp;dlg;rc2;rct;bin;rgs;gif;jpg;jpeg;jpe;resx;tiff;tif;png;wav;mfcribbon-ms</Extensions>
    </Filter>
    <Filter Include="Header Files\Components">
      <UniqueIdentifier>{698156f4-e7e8-46b4-b210-6d09efad2b7f}</UniqueIdentifier>
    </Filter>
    <Filter Include="Header Files\Systems">
      <UniqueIdentifier>{662da95a-7ee8-4c6f-b44a-2585af2fb5b1}</UniqueIdentifier>
    </Filter>
    <Filter Include="Header Files\Misc">
      <UniqueIdentifier>{a28c9dfb-46fe-42c6-8573-3a9cc8ff6b41}</UniqueIdentifier>
    </Filter>
    <Filter Include="Source Files\Components">
      <UniqueIdentifier>{7de285a2-1959-4525-b3eb-f529c4449440}</UniqueIdentifier>
    </Filter>
    <Filter Include="Source Files\Misc">
      <UniqueIdentifier>{e747ffe6-66ee-4909-957d-1652dd99422a}</UniqueIdentifier>
    </Filter>
    <Filter Include="Source Files\Systems">
      <UniqueIdentifier>{5fefca64-bcf6-4760-8d72-2ad35bec3ab7}</UniqueIdentifier>
    </Filter>
    <Filter Include="Source Files\Shaders">
      <UniqueIdentifier>{68b7c1e0-bf7a-4f37-8c45-a8b57eadee0b}</UniqueIdentifier>
    </Filter>
    <Filter Include="Header Files\Graphics">
      <UniqueIdentifier>{84622443-f9a6-4c03-94dd-484e1cdaed87}</UniqueIdentifier>
    </Filter>
    <Filter Include="Header Files\DataStructures">
      <UniqueIdentifier>{37f35c6b-1f47-4bb4-82f2-a2b417f9a4d4}</UniqueIdentifier>
    </Filter>
    <Filter Include="Source Files\DataStructures">
      <UniqueIdentifier>{1931d31c-f05e-4b0b-9542-c4806875cd6a}</UniqueIdentifier>
    </Filter>
    <Filter Include="Source Files\Graphics">
      <UniqueIdentifier>{550df224-29f0-4eb6-9c5b-e9b787a9fe83}</UniqueIdentifier>
    </Filter>
    <Filter Include="Source Files\OutsideLibraries">
      <UniqueIdentifier>{7a3282fd-42cb-416a-806c-b893b2b8630c}</UniqueIdentifier>
    </Filter>
    <Filter Include="Header Files\OutsideLibraries">
      <UniqueIdentifier>{b0dbd279-5fc0-4621-9901-839dcb0f49ac}</UniqueIdentifier>
    </Filter>
  </ItemGroup>
  <ItemGroup>
    <ClCompile Include="main.cpp">
      <Filter>Source Files</Filter>
    </ClCompile>
    <ClCompile Include="Entity.cpp">
      <Filter>Source Files</Filter>
    </ClCompile>
    <ClCompile Include="EntityManager.cpp">
      <Filter>Source Files</Filter>
    </ClCompile>
    <ClCompile Include="Component.cpp">
      <Filter>Source Files\Components</Filter>
    </ClCompile>
    <ClCompile Include="Constants.cpp">
      <Filter>Source Files\Misc</Filter>
    </ClCompile>
    <ClCompile Include="InputSystem.cpp">
      <Filter>Source Files\Systems</Filter>
    </ClCompile>
    <ClCompile Include="Library.cpp">
      <Filter>Source Files\Misc</Filter>
    </ClCompile>
    <ClCompile Include="MeshComponent.cpp">
      <Filter>Source Files\Components</Filter>
    </ClCompile>
    <ClCompile Include="RenderSystem.cpp">
      <Filter>Source Files\Systems</Filter>
    </ClCompile>
    <ClCompile Include="Time.cpp">
      <Filter>Source Files\Misc</Filter>
    </ClCompile>
    <ClCompile Include="Structs.cpp">
      <Filter>Source Files\DataStructures</Filter>
    </ClCompile>
    <ClCompile Include="Graphics.cpp">
      <Filter>Source Files\Graphics</Filter>
    </ClCompile>
    <ClCompile Include="Shader.cpp">
      <Filter>Source Files\Graphics</Filter>
    </ClCompile>
    <ClCompile Include="glad.c">
      <Filter>Source Files\OutsideLibraries</Filter>
    </ClCompile>
    <ClCompile Include="stb_image.cpp">
      <Filter>Source Files\OutsideLibraries</Filter>
    </ClCompile>
  </ItemGroup>
  <ItemGroup>
    <ClInclude Include="Component.hpp">
      <Filter>Header Files\Components</Filter>
    </ClInclude>
    <ClInclude Include="Entity.hpp">
      <Filter>Header Files</Filter>
    </ClInclude>
    <ClInclude Include="InputSystem.hpp">
      <Filter>Header Files\Systems</Filter>
    </ClInclude>
    <ClInclude Include="MeshComponent.hpp">
      <Filter>Header Files\Components</Filter>
    </ClInclude>
    <ClInclude Include="Constants.hpp">
      <Filter>Header Files\Misc</Filter>
    </ClInclude>
    <ClInclude Include="Library.hpp">
      <Filter>Header Files\Misc</Filter>
    </ClInclude>
    <ClInclude Include="RenderSystem.hpp">
      <Filter>Header Files\Systems</Filter>
    </ClInclude>
    <ClInclude Include="System.hpp">
      <Filter>Header Files\Systems</Filter>
    </ClInclude>
    <ClInclude Include="Time.hpp">
      <Filter>Header Files\Misc</Filter>
    </ClInclude>
    <ClInclude Include="Singleton.hpp">
      <Filter>Header Files</Filter>
    </ClInclude>
    <ClInclude Include="EntityManager.hpp">
      <Filter>Header Files</Filter>
    </ClInclude>
    <ClInclude Include="Graphics.hpp">
      <Filter>Header Files\Graphics</Filter>
    </ClInclude>
    <ClInclude Include="Structs.hpp">
      <Filter>Header Files\DataStructures</Filter>
    </ClInclude>
    <ClInclude Include="Delegate.hpp">
      <Filter>Header Files\DataStructures</Filter>
    </ClInclude>
    <ClInclude Include="Shader.hpp">
      <Filter>Header Files\Graphics</Filter>
    </ClInclude>
    <ClInclude Include="stb_image.h">
      <Filter>Header Files\OutsideLibraries</Filter>
    </ClInclude>
  </ItemGroup>
  <ItemGroup>
    <None Include="BaseVertex.shader">
      <Filter>Source Files\Shaders</Filter>
    </None>
    <None Include="BaseFragment.shader">
      <Filter>Source Files\Shaders</Filter>
    </None>
  </ItemGroup>
</Project>